
Microsoft Visual Studio Solution File, Format Version 12.00
# Visual Studio Version 17
VisualStudioVersion = 17.14.36221.1
MinimumVisualStudioVersion = 10.0.40219.1
Project("{FAE04EC0-301F-11D3-BF4B-00C04F79EFBC}") = "ConsoleApp_0", "ConsoleApp_0\ConsoleApp_0.csproj", "{74F05FD6-B661-4507-9898-C7FBE1773EBA}"
EndProject
Project("{FAE04EC0-301F-11D3-BF4B-00C04F79EFBC}") = "conspect", "..\..\gb\conspect\conspect.csproj", "{2985C0EB-008D-D701-CCAA-20BEE90E8AD9}"
EndProject
Project("{FAE04EC0-301F-11D3-BF4B-00C04F79EFBC}") = "ConsoleApp1", "..\ConsoleApp1\ConsoleApp1.csproj", "{A7BDB124-7C05-30E0-9666-F4F726F2E529}"
EndProject
Project("{FAE04EC0-301F-11D3-BF4B-00C04F79EFBC}") = "homeWorks", "homeWorks\homeWorks.csproj", "{33068253-4189-4D2C-9777-7D11EF6C6E51}"
EndProject
Global
	GlobalSection(SolutionConfigurationPlatforms) = preSolution
		Debug|Any CPU = Debug|Any CPU
		Release|Any CPU = Release|Any CPU
	EndGlobalSection
	GlobalSection(ProjectConfigurationPlatforms) = postSolution
		{74F05FD6-B661-4507-9898-C7FBE1773EBA}.Debug|Any CPU.ActiveCfg = Debug|Any CPU
		{74F05FD6-B661-4507-9898-C7FBE1773EBA}.Debug|Any CPU.Build.0 = Debug|Any CPU
		{74F05FD6-B661-4507-9898-C7FBE1773EBA}.Release|Any CPU.ActiveCfg = Release|Any CPU
		{74F05FD6-B661-4507-9898-C7FBE1773EBA}.Release|Any CPU.Build.0 = Release|Any CPU
		{2985C0EB-008D-D701-CCAA-20BEE90E8AD9}.Debug|Any CPU.ActiveCfg = Debug|Any CPU
		{2985C0EB-008D-D701-CCAA-20BEE90E8AD9}.Debug|Any CPU.Build.0 = Debug|Any CPU
		{2985C0EB-008D-D701-CCAA-20BEE90E8AD9}.Release|Any CPU.ActiveCfg = Release|Any CPU
		{2985C0EB-008D-D701-CCAA-20BEE90E8AD9}.Release|Any CPU.Build.0 = Release|Any CPU
		{A7BDB124-7C05-30E0-9666-F4F726F2E529}.Debug|Any CPU.ActiveCfg = Debug|Any CPU
		{A7BDB124-7C05-30E0-9666-F4F726F2E529}.Debug|Any CPU.Build.0 = Debug|Any CPU
		{A7BDB124-7C05-30E0-9666-F4F726F2E529}.Release|Any CPU.ActiveCfg = Release|Any CPU
		{A7BDB124-7C05-30E0-9666-F4F726F2E529}.Release|Any CPU.Build.0 = Release|Any CPU
		{33068253-4189-4D2C-9777-7D11EF6C6E51}.Debug|Any CPU.ActiveCfg = Debug|Any CPU
		{33068253-4189-4D2C-9777-7D11EF6C6E51}.Debug|Any CPU.Build.0 = Debug|Any CPU
		{33068253-4189-4D2C-9777-7D11EF6C6E51}.Release|Any CPU.ActiveCfg = Release|Any CPU
		{33068253-4189-4D2C-9777-7D11EF6C6E51}.Release|Any CPU.Build.0 = Release|Any CPU
	EndGlobalSection
	GlobalSection(SolutionProperties) = preSolution
		HideSolutionNode = FALSE
	EndGlobalSection
	GlobalSection(ExtensibilityGlobals) = postSolution
		SolutionGuid = {C8B157C7-FEE7-452E-9A95-AA5A154D34EF}
	EndGlobalSection
EndGlobal
