
Microsoft Visual Studio Solution File, Format Version 12.00
# Visual Studio Version 17
VisualStudioVersion = 17.14.36221.1 d17.14
MinimumVisualStudioVersion = 10.0.40219.1
Project("{FAE04EC0-301F-11D3-BF4B-00C04F79EFBC}") = "ConsoleApp1", "ConsoleApp1.csproj", "{7B5B0BC2-7E08-E58C-6436-F53A2B87BA1D}"
EndProject
Project("{FAE04EC0-301F-11D3-BF4B-00C04F79EFBC}") = "conspect", "..\..\gb\conspect\conspect.csproj", "{2985C0EB-008D-D701-CCAA-20BEE90E8AD9}"
EndProject
Global
	GlobalSection(SolutionConfigurationPlatforms) = preSolution
		Debug|Any CPU = Debug|Any CPU
		Release|Any CPU = Release|Any CPU
	EndGlobalSection
	GlobalSection(ProjectConfigurationPlatforms) = postSolution
		{7B5B0BC2-7E08-E58C-6436-F53A2B87BA1D}.Debug|Any CPU.ActiveCfg = Debug|Any CPU
		{7B5B0BC2-7E08-E58C-6436-F53A2B87BA1D}.Debug|Any CPU.Build.0 = Debug|Any CPU
		{7B5B0BC2-7E08-E58C-6436-F53A2B87BA1D}.Release|Any CPU.ActiveCfg = Release|Any CPU
		{7B5B0BC2-7E08-E58C-6436-F53A2B87BA1D}.Release|Any CPU.Build.0 = Release|Any CPU
		{2985C0EB-008D-D701-CCAA-20BEE90E8AD9}.Debug|Any CPU.ActiveCfg = Debug|Any CPU
		{2985C0EB-008D-D701-CCAA-20BEE90E8AD9}.Debug|Any CPU.Build.0 = Debug|Any CPU
		{2985C0EB-008D-D701-CCAA-20BEE90E8AD9}.Release|Any CPU.ActiveCfg = Release|Any CPU
		{2985C0EB-008D-D701-CCAA-20BEE90E8AD9}.Release|Any CPU.Build.0 = Release|Any CPU
	EndGlobalSection
	GlobalSection(SolutionProperties) = preSolution
		HideSolutionNode = FALSE
	EndGlobalSection
	GlobalSection(ExtensibilityGlobals) = postSolution
		SolutionGuid = {4A94F9AD-C385-4D11-B697-ABF032D6E573}
	EndGlobalSection
EndGlobal
